
Microsoft Visual Studio Solution File, Format Version 12.00
# Visual Studio Version 17
VisualStudioVersion = 17.3.32825.248
MinimumVisualStudioVersion = 10.0.40219.1
Project("{2150E333-8FDC-42A3-9474-1A3956D46DE8}") = "API", "API", "{AD2B6A60-F9C5-4470-B6B9-116E768936E3}"
EndProject
Project("{2150E333-8FDC-42A3-9474-1A3956D46DE8}") = "Infrastructure", "Infrastructure", "{00F6AF97-A4CB-4D86-89A4-5F80FB8CF4AF}"
EndProject
Project("{2150E333-8FDC-42A3-9474-1A3956D46DE8}") = "Core", "Core", "{95B45F39-9DF3-493E-8A9F-41E5600D3C55}"
EndProject
Project("{2150E333-8FDC-42A3-9474-1A3956D46DE8}") = "Domain", "Domain", "{507859B9-AF6E-4C13-B4B4-9E961CE60C53}"
EndProject
Project("{2150E333-8FDC-42A3-9474-1A3956D46DE8}") = "Application", "Application", "{38988396-1019-4C97-91DB-9F797281B2DF}"
EndProject
Project("{2150E333-8FDC-42A3-9474-1A3956D46DE8}") = "src", "src", "{8085CFF1-C653-4047-90C7-1A7C75A9A703}"
EndProject
Project("{2150E333-8FDC-42A3-9474-1A3956D46DE8}") = "tests", "tests", "{B918FE0D-F4BE-45CC-8E65-FA3D21FD5C2B}"
EndProject
Project("{9A19103F-16F7-4668-BE54-9A1E7A4F7556}") = "Common.Domain", "Common.Domain.Time\Common.Domain.csproj", "{27A16EBF-B168-44BD-B501-247CBC771A02}"
EndProject
Project("{9A19103F-16F7-4668-BE54-9A1E7A4F7556}") = "DeclarationPlus.Domain", "DeclarationPlus.Domain\DeclarationPlus.Domain.csproj", "{5C0F24E5-DFEB-4E53-B31F-3AC645CDCF0A}"
EndProject
Project("{9A19103F-16F7-4668-BE54-9A1E7A4F7556}") = "DeclarationPlus.Domain.Scoring", "DeclarationPlus.Domain.Scoring\DeclarationPlus.Domain.Scoring.csproj", "{0C04ECB3-F81E-4A2D-BA11-C93CCFA977C1}"
EndProject
Project("{9A19103F-16F7-4668-BE54-9A1E7A4F7556}") = "DeclarationPlus.Core.CQRS", "DeclarationPlus.Core.CQRS\DeclarationPlus.Core.CQRS.csproj", "{9B461AB3-D2E8-4B95-A218-1B4AD8B93BC9}"
EndProject
Project("{9A19103F-16F7-4668-BE54-9A1E7A4F7556}") = "DeclarationPlus.Core.Contracts", "DeclarationPlus.Core.Contracts\DeclarationPlus.Core.Contracts.csproj", "{D974A7FA-F5F2-4CEB-A5DC-C029F5B363AB}"
EndProject
Project("{9A19103F-16F7-4668-BE54-9A1E7A4F7556}") = "DeclarationPlus.Core.Scoring", "DeclarationPlus.Core.Scoring\DeclarationPlus.Core.Scoring.csproj", "{62725AF2-66EB-487A-A787-42914A781E27}"
EndProject
Project("{9A19103F-16F7-4668-BE54-9A1E7A4F7556}") = "Common.Core.CQRS", "Common.Core\Common.Core.CQRS.csproj", "{EF0A9BA7-A931-4881-A1BC-4A3C5B0645B0}"
EndProject
Project("{FAE04EC0-301F-11D3-BF4B-00C04F79EFBC}") = "DeclarationPlus.XUnitTests", "DeclarationPlus.XUnitTests\DeclarationPlus.XUnitTests.csproj", "{341946DF-15F6-495C-82B2-83C26A9999F9}"
EndProject
Project("{FAE04EC0-301F-11D3-BF4B-00C04F79EFBC}") = "DeclarationPlus.Infrastructure.Persistence.FakeRepository", "DeclarationPlus.Infrastructure.FakeRepository\DeclarationPlus.Infrastructure.Persistence.FakeRepository.csproj", "{45330BC0-C800-418D-A9FD-9C8B674120CA}"
EndProject
Project("{FAE04EC0-301F-11D3-BF4B-00C04F79EFBC}") = "DeclarationPlus.Api", "DeclarationPlus\DeclarationPlus.Api.csproj", "{46F79E7C-055A-4F3E-BA5D-F389DDC1D209}"
EndProject
Global
	GlobalSection(SolutionConfigurationPlatforms) = preSolution
		Debug|Any CPU = Debug|Any CPU
		Release|Any CPU = Release|Any CPU
	EndGlobalSection
	GlobalSection(ProjectConfigurationPlatforms) = postSolution
		{27A16EBF-B168-44BD-B501-247CBC771A02}.Debug|Any CPU.ActiveCfg = Debug|Any CPU
		{27A16EBF-B168-44BD-B501-247CBC771A02}.Debug|Any CPU.Build.0 = Debug|Any CPU
		{27A16EBF-B168-44BD-B501-247CBC771A02}.Release|Any CPU.ActiveCfg = Release|Any CPU
		{27A16EBF-B168-44BD-B501-247CBC771A02}.Release|Any CPU.Build.0 = Release|Any CPU
		{5C0F24E5-DFEB-4E53-B31F-3AC645CDCF0A}.Debug|Any CPU.ActiveCfg = Debug|Any CPU
		{5C0F24E5-DFEB-4E53-B31F-3AC645CDCF0A}.Debug|Any CPU.Build.0 = Debug|Any CPU
		{5C0F24E5-DFEB-4E53-B31F-3AC645CDCF0A}.Release|Any CPU.ActiveCfg = Release|Any CPU
		{5C0F24E5-DFEB-4E53-B31F-3AC645CDCF0A}.Release|Any CPU.Build.0 = Release|Any CPU
		{0C04ECB3-F81E-4A2D-BA11-C93CCFA977C1}.Debug|Any CPU.ActiveCfg = Debug|Any CPU
		{0C04ECB3-F81E-4A2D-BA11-C93CCFA977C1}.Debug|Any CPU.Build.0 = Debug|Any CPU
		{0C04ECB3-F81E-4A2D-BA11-C93CCFA977C1}.Release|Any CPU.ActiveCfg = Release|Any CPU
		{0C04ECB3-F81E-4A2D-BA11-C93CCFA977C1}.Release|Any CPU.Build.0 = Release|Any CPU
		{9B461AB3-D2E8-4B95-A218-1B4AD8B93BC9}.Debug|Any CPU.ActiveCfg = Debug|Any CPU
		{9B461AB3-D2E8-4B95-A218-1B4AD8B93BC9}.Debug|Any CPU.Build.0 = Debug|Any CPU
		{9B461AB3-D2E8-4B95-A218-1B4AD8B93BC9}.Release|Any CPU.ActiveCfg = Release|Any CPU
		{9B461AB3-D2E8-4B95-A218-1B4AD8B93BC9}.Release|Any CPU.Build.0 = Release|Any CPU
		{D974A7FA-F5F2-4CEB-A5DC-C029F5B363AB}.Debug|Any CPU.ActiveCfg = Debug|Any CPU
		{D974A7FA-F5F2-4CEB-A5DC-C029F5B363AB}.Debug|Any CPU.Build.0 = Debug|Any CPU
		{D974A7FA-F5F2-4CEB-A5DC-C029F5B363AB}.Release|Any CPU.ActiveCfg = Release|Any CPU
		{D974A7FA-F5F2-4CEB-A5DC-C029F5B363AB}.Release|Any CPU.Build.0 = Release|Any CPU
		{62725AF2-66EB-487A-A787-42914A781E27}.Debug|Any CPU.ActiveCfg = Debug|Any CPU
		{62725AF2-66EB-487A-A787-42914A781E27}.Debug|Any CPU.Build.0 = Debug|Any CPU
		{62725AF2-66EB-487A-A787-42914A781E27}.Release|Any CPU.ActiveCfg = Release|Any CPU
		{62725AF2-66EB-487A-A787-42914A781E27}.Release|Any CPU.Build.0 = Release|Any CPU
		{EF0A9BA7-A931-4881-A1BC-4A3C5B0645B0}.Debug|Any CPU.ActiveCfg = Debug|Any CPU
		{EF0A9BA7-A931-4881-A1BC-4A3C5B0645B0}.Debug|Any CPU.Build.0 = Debug|Any CPU
		{EF0A9BA7-A931-4881-A1BC-4A3C5B0645B0}.Release|Any CPU.ActiveCfg = Release|Any CPU
		{EF0A9BA7-A931-4881-A1BC-4A3C5B0645B0}.Release|Any CPU.Build.0 = Release|Any CPU
		{341946DF-15F6-495C-82B2-83C26A9999F9}.Debug|Any CPU.ActiveCfg = Debug|Any CPU
		{341946DF-15F6-495C-82B2-83C26A9999F9}.Debug|Any CPU.Build.0 = Debug|Any CPU
		{341946DF-15F6-495C-82B2-83C26A9999F9}.Release|Any CPU.ActiveCfg = Release|Any CPU
		{341946DF-15F6-495C-82B2-83C26A9999F9}.Release|Any CPU.Build.0 = Release|Any CPU
		{45330BC0-C800-418D-A9FD-9C8B674120CA}.Debug|Any CPU.ActiveCfg = Debug|Any CPU
		{45330BC0-C800-418D-A9FD-9C8B674120CA}.Debug|Any CPU.Build.0 = Debug|Any CPU
		{45330BC0-C800-418D-A9FD-9C8B674120CA}.Release|Any CPU.ActiveCfg = Release|Any CPU
		{45330BC0-C800-418D-A9FD-9C8B674120CA}.Release|Any CPU.Build.0 = Release|Any CPU
		{46F79E7C-055A-4F3E-BA5D-F389DDC1D209}.Debug|Any CPU.ActiveCfg = Debug|Any CPU
		{46F79E7C-055A-4F3E-BA5D-F389DDC1D209}.Debug|Any CPU.Build.0 = Debug|Any CPU
		{46F79E7C-055A-4F3E-BA5D-F389DDC1D209}.Release|Any CPU.ActiveCfg = Release|Any CPU
		{46F79E7C-055A-4F3E-BA5D-F389DDC1D209}.Release|Any CPU.Build.0 = Release|Any CPU
	EndGlobalSection
	GlobalSection(SolutionProperties) = preSolution
		HideSolutionNode = FALSE
	EndGlobalSection
	GlobalSection(NestedProjects) = preSolution
		{AD2B6A60-F9C5-4470-B6B9-116E768936E3} = {8085CFF1-C653-4047-90C7-1A7C75A9A703}
		{00F6AF97-A4CB-4D86-89A4-5F80FB8CF4AF} = {8085CFF1-C653-4047-90C7-1A7C75A9A703}
		{95B45F39-9DF3-493E-8A9F-41E5600D3C55} = {38988396-1019-4C97-91DB-9F797281B2DF}
		{507859B9-AF6E-4C13-B4B4-9E961CE60C53} = {38988396-1019-4C97-91DB-9F797281B2DF}
		{38988396-1019-4C97-91DB-9F797281B2DF} = {8085CFF1-C653-4047-90C7-1A7C75A9A703}
		{27A16EBF-B168-44BD-B501-247CBC771A02} = {507859B9-AF6E-4C13-B4B4-9E961CE60C53}
		{5C0F24E5-DFEB-4E53-B31F-3AC645CDCF0A} = {507859B9-AF6E-4C13-B4B4-9E961CE60C53}
		{0C04ECB3-F81E-4A2D-BA11-C93CCFA977C1} = {507859B9-AF6E-4C13-B4B4-9E961CE60C53}
		{9B461AB3-D2E8-4B95-A218-1B4AD8B93BC9} = {95B45F39-9DF3-493E-8A9F-41E5600D3C55}
		{D974A7FA-F5F2-4CEB-A5DC-C029F5B363AB} = {95B45F39-9DF3-493E-8A9F-41E5600D3C55}
		{62725AF2-66EB-487A-A787-42914A781E27} = {95B45F39-9DF3-493E-8A9F-41E5600D3C55}
		{EF0A9BA7-A931-4881-A1BC-4A3C5B0645B0} = {95B45F39-9DF3-493E-8A9F-41E5600D3C55}
		{341946DF-15F6-495C-82B2-83C26A9999F9} = {B918FE0D-F4BE-45CC-8E65-FA3D21FD5C2B}
		{45330BC0-C800-418D-A9FD-9C8B674120CA} = {00F6AF97-A4CB-4D86-89A4-5F80FB8CF4AF}
		{46F79E7C-055A-4F3E-BA5D-F389DDC1D209} = {AD2B6A60-F9C5-4470-B6B9-116E768936E3}
	EndGlobalSection
	GlobalSection(ExtensibilityGlobals) = postSolution
		SolutionGuid = {C62FDD31-1581-4623-9510-A9973CB386FC}
	EndGlobalSection
EndGlobal
